
Microsoft Visual Studio Solution File, Format Version 12.00
# Visual Studio Version 16
VisualStudioVersion = 16.0.31129.286
MinimumVisualStudioVersion = 10.0.40219.1
Project("{FAE04EC0-301F-11D3-BF4B-00C04F79EFBC}") = "Instagram.Android", "Instagram\Instagram.Android\Instagram.Android.csproj", "{0ABA815A-DF62-4096-966D-9EC57BA4A3CC}"
EndProject
Project("{FAE04EC0-301F-11D3-BF4B-00C04F79EFBC}") = "Instagram.iOS", "Instagram\Instagram.iOS\Instagram.iOS.csproj", "{82EAF2A5-B582-4FA1-B715-E860B71AFA28}"
EndProject
Project("{FAE04EC0-301F-11D3-BF4B-00C04F79EFBC}") = "Instagram", "Instagram\Instagram\Instagram.csproj", "{E3B576F9-19F2-46C8-84B5-B371A194EC25}"
EndProject
Global
	GlobalSection(SolutionConfigurationPlatforms) = preSolution
		Debug|Any CPU = Debug|Any CPU
		Debug|iPhone = Debug|iPhone
		Debug|iPhoneSimulator = Debug|iPhoneSimulator
		Release|Any CPU = Release|Any CPU
		Release|iPhone = Release|iPhone
		Release|iPhoneSimulator = Release|iPhoneSimulator
	EndGlobalSection
	GlobalSection(ProjectConfigurationPlatforms) = postSolution
		{0ABA815A-DF62-4096-966D-9EC57BA4A3CC}.Debug|Any CPU.ActiveCfg = Debug|Any CPU
		{0ABA815A-DF62-4096-966D-9EC57BA4A3CC}.Debug|Any CPU.Build.0 = Debug|Any CPU
		{0ABA815A-DF62-4096-966D-9EC57BA4A3CC}.Debug|Any CPU.Deploy.0 = Debug|Any CPU
		{0ABA815A-DF62-4096-966D-9EC57BA4A3CC}.Debug|iPhone.ActiveCfg = Debug|Any CPU
		{0ABA815A-DF62-4096-966D-9EC57BA4A3CC}.Debug|iPhone.Build.0 = Debug|Any CPU
		{0ABA815A-DF62-4096-966D-9EC57BA4A3CC}.Debug|iPhone.Deploy.0 = Debug|Any CPU
		{0ABA815A-DF62-4096-966D-9EC57BA4A3CC}.Debug|iPhoneSimulator.ActiveCfg = Debug|Any CPU
		{0ABA815A-DF62-4096-966D-9EC57BA4A3CC}.Debug|iPhoneSimulator.Build.0 = Debug|Any CPU
		{0ABA815A-DF62-4096-966D-9EC57BA4A3CC}.Debug|iPhoneSimulator.Deploy.0 = Debug|Any CPU
		{0ABA815A-DF62-4096-966D-9EC57BA4A3CC}.Release|Any CPU.ActiveCfg = Release|Any CPU
		{0ABA815A-DF62-4096-966D-9EC57BA4A3CC}.Release|Any CPU.Build.0 = Release|Any CPU
		{0ABA815A-DF62-4096-966D-9EC57BA4A3CC}.Release|Any CPU.Deploy.0 = Release|Any CPU
		{0ABA815A-DF62-4096-966D-9EC57BA4A3CC}.Release|iPhone.ActiveCfg = Release|Any CPU
		{0ABA815A-DF62-4096-966D-9EC57BA4A3CC}.Release|iPhone.Build.0 = Release|Any CPU
		{0ABA815A-DF62-4096-966D-9EC57BA4A3CC}.Release|iPhone.Deploy.0 = Release|Any CPU
		{0ABA815A-DF62-4096-966D-9EC57BA4A3CC}.Release|iPhoneSimulator.ActiveCfg = Release|Any CPU
		{0ABA815A-DF62-4096-966D-9EC57BA4A3CC}.Release|iPhoneSimulator.Build.0 = Release|Any CPU
		{0ABA815A-DF62-4096-966D-9EC57BA4A3CC}.Release|iPhoneSimulator.Deploy.0 = Release|Any CPU
		{82EAF2A5-B582-4FA1-B715-E860B71AFA28}.Debug|Any CPU.ActiveCfg = Debug|iPhone
		{82EAF2A5-B582-4FA1-B715-E860B71AFA28}.Debug|Any CPU.Build.0 = Debug|iPhone
		{82EAF2A5-B582-4FA1-B715-E860B71AFA28}.Debug|Any CPU.Deploy.0 = Debug|iPhone
		{82EAF2A5-B582-4FA1-B715-E860B71AFA28}.Debug|iPhone.ActiveCfg = Debug|iPhone
		{82EAF2A5-B582-4FA1-B715-E860B71AFA28}.Debug|iPhone.Build.0 = Debug|iPhone
		{82EAF2A5-B582-4FA1-B715-E860B71AFA28}.Debug|iPhone.Deploy.0 = Debug|iPhone
		{82EAF2A5-B582-4FA1-B715-E860B71AFA28}.Debug|iPhoneSimulator.ActiveCfg = Debug|iPhoneSimulator
		{82EAF2A5-B582-4FA1-B715-E860B71AFA28}.Debug|iPhoneSimulator.Build.0 = Debug|iPhoneSimulator
		{82EAF2A5-B582-4FA1-B715-E860B71AFA28}.Debug|iPhoneSimulator.Deploy.0 = Debug|iPhoneSimulator
		{82EAF2A5-B582-4FA1-B715-E860B71AFA28}.Release|Any CPU.ActiveCfg = Release|iPhoneSimulator
		{82EAF2A5-B582-4FA1-B715-E860B71AFA28}.Release|Any CPU.Build.0 = Release|iPhoneSimulator
		{82EAF2A5-B582-4FA1-B715-E860B71AFA28}.Release|Any CPU.Deploy.0 = Release|iPhoneSimulator
		{82EAF2A5-B582-4FA1-B715-E860B71AFA28}.Release|iPhone.ActiveCfg = Release|iPhone
		{82EAF2A5-B582-4FA1-B715-E860B71AFA28}.Release|iPhone.Build.0 = Release|iPhone
		{82EAF2A5-B582-4FA1-B715-E860B71AFA28}.Release|iPhone.Deploy.0 = Release|iPhone
		{82EAF2A5-B582-4FA1-B715-E860B71AFA28}.Release|iPhoneSimulator.ActiveCfg = Release|iPhoneSimulator
		{82EAF2A5-B582-4FA1-B715-E860B71AFA28}.Release|iPhoneSimulator.Build.0 = Release|iPhoneSimulator
		{82EAF2A5-B582-4FA1-B715-E860B71AFA28}.Release|iPhoneSimulator.Deploy.0 = Release|iPhoneSimulator
		{E3B576F9-19F2-46C8-84B5-B371A194EC25}.Debug|Any CPU.ActiveCfg = Debug|Any CPU
		{E3B576F9-19F2-46C8-84B5-B371A194EC25}.Debug|Any CPU.Build.0 = Debug|Any CPU
		{E3B576F9-19F2-46C8-84B5-B371A194EC25}.Debug|Any CPU.Deploy.0 = Debug|Any CPU
		{E3B576F9-19F2-46C8-84B5-B371A194EC25}.Debug|iPhone.ActiveCfg = Debug|Any CPU
		{E3B576F9-19F2-46C8-84B5-B371A194EC25}.Debug|iPhone.Build.0 = Debug|Any CPU
		{E3B576F9-19F2-46C8-84B5-B371A194EC25}.Debug|iPhone.Deploy.0 = Debug|Any CPU
		{E3B576F9-19F2-46C8-84B5-B371A194EC25}.Debug|iPhoneSimulator.ActiveCfg = Debug|Any CPU
		{E3B576F9-19F2-46C8-84B5-B371A194EC25}.Debug|iPhoneSimulator.Build.0 = Debug|Any CPU
		{E3B576F9-19F2-46C8-84B5-B371A194EC25}.Debug|iPhoneSimulator.Deploy.0 = Debug|Any CPU
		{E3B576F9-19F2-46C8-84B5-B371A194EC25}.Release|Any CPU.ActiveCfg = Release|Any CPU
		{E3B576F9-19F2-46C8-84B5-B371A194EC25}.Release|Any CPU.Build.0 = Release|Any CPU
		{E3B576F9-19F2-46C8-84B5-B371A194EC25}.Release|Any CPU.Deploy.0 = Release|Any CPU
		{E3B576F9-19F2-46C8-84B5-B371A194EC25}.Release|iPhone.ActiveCfg = Release|Any CPU
		{E3B576F9-19F2-46C8-84B5-B371A194EC25}.Release|iPhone.Build.0 = Release|Any CPU
		{E3B576F9-19F2-46C8-84B5-B371A194EC25}.Release|iPhone.Deploy.0 = Release|Any CPU
		{E3B576F9-19F2-46C8-84B5-B371A194EC25}.Release|iPhoneSimulator.ActiveCfg = Release|Any CPU
		{E3B576F9-19F2-46C8-84B5-B371A194EC25}.Release|iPhoneSimulator.Build.0 = Release|Any CPU
		{E3B576F9-19F2-46C8-84B5-B371A194EC25}.Release|iPhoneSimulator.Deploy.0 = Release|Any CPU
	EndGlobalSection
	GlobalSection(SolutionProperties) = preSolution
		HideSolutionNode = FALSE
	EndGlobalSection
	GlobalSection(ExtensibilityGlobals) = postSolution
		SolutionGuid = {C436288D-791D-40DE-B6CF-A8ADD826EE83}
	EndGlobalSection
EndGlobal
